# This file is generated by running "yarn install" inside your project.
# Manual changes might be lost - proceed with caution!

__metadata:
  version: 8
  cacheKey: 10c0

"lodash@npm:^4.17.21":
  version: 4.17.21
  resolution: "lodash@npm:4.17.21"
  checksum: 10c0/d8cbea9bcd6774f14d3a99b48fa60d62eb02c6a4de2c1eaa65d0c.../...
  languageName: node
  linkType: hard
